// !$*UTF8*$!
{
	archiveVersion = 1;
	classes = {
	};
	objectVersion = 46;
	objects = {

/* Begin PBXBuildFile section */
		AD7F4C1E195DED16001B07E3 /* AppDelegate.m in Sources */ = {isa = PBXBuildFile; fileRef = AD7F4BF2195DED16001B07E3 /* AppDelegate.m */; };
		AD7F4C1F195DED16001B07E3 /* Main.storyboard in Resources */ = {isa = PBXBuildFile; fileRef = AD7F4BF3195DED16001B07E3 /* Main.storyboard */; };
		AD7F4C20195DED16001B07E3 /* InfoPlist.strings in Resources */ = {isa = PBXBuildFile; fileRef = AD7F4BF5195DED16001B07E3 /* InfoPlist.strings */; };
		AD7F4C28195DED16001B07E3 /* main.m in Sources */ = {isa = PBXBuildFile; fileRef = AD7F4C04195DED16001B07E3 /* main.m */; };
		AD7F4C29195DED16001B07E3 /* MBProgressHUD.m in Sources */ = {isa = PBXBuildFile; fileRef = AD7F4C06195DED16001B07E3 /* MBProgressHUD.m */; };
		ADEA5B5E195DF02300CE20B2 /* AddFriendsViewController.m in Sources */ = {isa = PBXBuildFile; fileRef = ADEA5B4B195DF02300CE20B2 /* AddFriendsViewController.m */; };
		ADEA5B5F195DF02300CE20B2 /* FinalFindFriendsViewController.m in Sources */ = {isa = PBXBuildFile; fileRef = ADEA5B4D195DF02300CE20B2 /* FinalFindFriendsViewController.m */; };
		ADEA5B60195DF02300CE20B2 /* FindFriendsViewController.m in Sources */ = {isa = PBXBuildFile; fileRef = ADEA5B4F195DF02300CE20B2 /* FindFriendsViewController.m */; };
		ADEA5B61195DF02300CE20B2 /* InboxViewController.m in Sources */ = {isa = PBXBuildFile; fileRef = ADEA5B51195DF02300CE20B2 /* InboxViewController.m */; };
		ADEA5B62195DF02300CE20B2 /* LaunchViewController.m in Sources */ = {isa = PBXBuildFile; fileRef = ADEA5B53195DF02300CE20B2 /* LaunchViewController.m */; };
		ADEA5B63195DF02300CE20B2 /* LoginViewController.m in Sources */ = {isa = PBXBuildFile; fileRef = ADEA5B55195DF02300CE20B2 /* LoginViewController.m */; };
		ADEA5B64195DF02300CE20B2 /* SearchViewController.m in Sources */ = {isa = PBXBuildFile; fileRef = ADEA5B57195DF02300CE20B2 /* SearchViewController.m */; };
		ADEA5B65195DF02300CE20B2 /* SendToFriendsViewController.m in Sources */ = {isa = PBXBuildFile; fileRef = ADEA5B59195DF02300CE20B2 /* SendToFriendsViewController.m */; };
		ADEA5B66195DF02300CE20B2 /* SignupViewController.m in Sources */ = {isa = PBXBuildFile; fileRef = ADEA5B5B195DF02300CE20B2 /* SignupViewController.m */; };
		ADEA5B67195DF02300CE20B2 /* SMSWindowViewController.m in Sources */ = {isa = PBXBuildFile; fileRef = ADEA5B5D195DF02300CE20B2 /* SMSWindowViewController.m */; };
		ADEA5B6A195DF08900CE20B2 /* MediaCaptureVC.m in Sources */ = {isa = PBXBuildFile; fileRef = ADEA5B69195DF08900CE20B2 /* MediaCaptureVC.m */; };
		ADEA5B70195DF0BA00CE20B2 /* FinishedHalfsieVC.m in Sources */ = {isa = PBXBuildFile; fileRef = ADEA5B6F195DF0BA00CE20B2 /* FinishedHalfsieVC.m */; };
		ADEA5B74195DF0DF00CE20B2 /* MediaCaptureVCResponse.m in Sources */ = {isa = PBXBuildFile; fileRef = ADEA5B73195DF0DF00CE20B2 /* MediaCaptureVCResponse.m */; };
		ADEA5B82195DF15800CE20B2 /* NSObject+Properties.m in Sources */ = {isa = PBXBuildFile; fileRef = ADEA5B79195DF15800CE20B2 /* NSObject+Properties.m */; };
		ADEA5B83195DF15800CE20B2 /* PFACL+NSCoding.m in Sources */ = {isa = PBXBuildFile; fileRef = ADEA5B7B195DF15800CE20B2 /* PFACL+NSCoding.m */; };
		ADEA5B84195DF15800CE20B2 /* PFFile+NSCoding.m in Sources */ = {isa = PBXBuildFile; fileRef = ADEA5B7D195DF15800CE20B2 /* PFFile+NSCoding.m */; };
		ADEA5B85195DF15800CE20B2 /* PFObject+NSCoding.m in Sources */ = {isa = PBXBuildFile; fileRef = ADEA5B7F195DF15800CE20B2 /* PFObject+NSCoding.m */; };
		ADEA5B86195DF15800CE20B2 /* UIImage+so1.m in Sources */ = {isa = PBXBuildFile; fileRef = ADEA5B81195DF15800CE20B2 /* UIImage+so1.m */; };
		ADEA5B88195DF16D00CE20B2 /* Images.xcassets in Resources */ = {isa = PBXBuildFile; fileRef = ADEA5B87195DF16D00CE20B2 /* Images.xcassets */; };
		ADEA5B8C195DF1EF00CE20B2 /* MobileCoreServices.framework in Frameworks */ = {isa = PBXBuildFile; fileRef = ADEA5B8B195DF1EF00CE20B2 /* MobileCoreServices.framework */; };
		ADEA5B8E195DF20600CE20B2 /* SystemConfiguration.framework in Frameworks */ = {isa = PBXBuildFile; fileRef = ADEA5B8D195DF20600CE20B2 /* SystemConfiguration.framework */; };
		C331E102194BB5B300A88D7A /* Crashlytics.framework in Frameworks */ = {isa = PBXBuildFile; fileRef = C331E101194BB5B300A88D7A /* Crashlytics.framework */; };
		C3448070186FD9E800B9DB48 /* Parse.framework in Frameworks */ = {isa = PBXBuildFile; fileRef = C344806F186FD9E800B9DB48 /* Parse.framework */; };
		C3448078186FDC7300B9DB48 /* libz.1.1.3.dylib in Frameworks */ = {isa = PBXBuildFile; fileRef = C3448077186FDC7300B9DB48 /* libz.1.1.3.dylib */; };
		C38699AD18DA9228008D77EB /* FacebookSDK.framework in Frameworks */ = {isa = PBXBuildFile; fileRef = C38699AC18DA9228008D77EB /* FacebookSDK.framework */; };
/* End PBXBuildFile section */

/* Begin PBXFileReference section */
		AD7F4BF1195DED16001B07E3 /* AppDelegate.h */ = {isa = PBXFileReference; fileEncoding = 4; lastKnownFileType = sourcecode.c.h; path = AppDelegate.h; sourceTree = "<group>"; };
		AD7F4BF2195DED16001B07E3 /* AppDelegate.m */ = {isa = PBXFileReference; fileEncoding = 4; lastKnownFileType = sourcecode.c.objc; path = AppDelegate.m; sourceTree = "<group>"; };
		AD7F4BF4195DED16001B07E3 /* Base */ = {isa = PBXFileReference; lastKnownFileType = file.storyboard; name = Base; path = Base.lproj/Main.storyboard; sourceTree = "<group>"; };
		AD7F4BF6195DED16001B07E3 /* en */ = {isa = PBXFileReference; lastKnownFileType = text.plist.strings; name = en; path = en.lproj/InfoPlist.strings; sourceTree = "<group>"; };
		AD7F4C04195DED16001B07E3 /* main.m */ = {isa = PBXFileReference; fileEncoding = 4; lastKnownFileType = sourcecode.c.objc; path = main.m; sourceTree = "<group>"; };
		AD7F4C05195DED16001B07E3 /* MBProgressHUD.h */ = {isa = PBXFileReference; fileEncoding = 4; lastKnownFileType = sourcecode.c.h; path = MBProgressHUD.h; sourceTree = "<group>"; };
		AD7F4C06195DED16001B07E3 /* MBProgressHUD.m */ = {isa = PBXFileReference; fileEncoding = 4; lastKnownFileType = sourcecode.c.objc; path = MBProgressHUD.m; sourceTree = "<group>"; };
		AD7F4C12195DED16001B07E3 /* Halfsies-Prefix.pch */ = {isa = PBXFileReference; fileEncoding = 4; lastKnownFileType = sourcecode.c.h; path = "Halfsies-Prefix.pch"; sourceTree = "<group>"; };
		ADEA5B47195DEFD200CE20B2 /* Halfsies-Info.plist */ = {isa = PBXFileReference; fileEncoding = 4; lastKnownFileType = text.plist.xml; path = "Halfsies-Info.plist"; sourceTree = "<group>"; };
		ADEA5B4A195DF02300CE20B2 /* AddFriendsViewController.h */ = {isa = PBXFileReference; fileEncoding = 4; lastKnownFileType = sourcecode.c.h; path = AddFriendsViewController.h; sourceTree = "<group>"; };
		ADEA5B4B195DF02300CE20B2 /* AddFriendsViewController.m */ = {isa = PBXFileReference; fileEncoding = 4; lastKnownFileType = sourcecode.c.objc; path = AddFriendsViewController.m; sourceTree = "<group>"; };
		ADEA5B4C195DF02300CE20B2 /* FinalFindFriendsViewController.h */ = {isa = PBXFileReference; fileEncoding = 4; lastKnownFileType = sourcecode.c.h; path = FinalFindFriendsViewController.h; sourceTree = "<group>"; };
		ADEA5B4D195DF02300CE20B2 /* FinalFindFriendsViewController.m */ = {isa = PBXFileReference; fileEncoding = 4; lastKnownFileType = sourcecode.c.objc; path = FinalFindFriendsViewController.m; sourceTree = "<group>"; };
		ADEA5B4E195DF02300CE20B2 /* FindFriendsViewController.h */ = {isa = PBXFileReference; fileEncoding = 4; lastKnownFileType = sourcecode.c.h; path = FindFriendsViewController.h; sourceTree = "<group>"; };
		ADEA5B4F195DF02300CE20B2 /* FindFriendsViewController.m */ = {isa = PBXFileReference; fileEncoding = 4; lastKnownFileType = sourcecode.c.objc; path = FindFriendsViewController.m; sourceTree = "<group>"; };
		ADEA5B50195DF02300CE20B2 /* InboxViewController.h */ = {isa = PBXFileReference; fileEncoding = 4; lastKnownFileType = sourcecode.c.h; path = InboxViewController.h; sourceTree = "<group>"; };
		ADEA5B51195DF02300CE20B2 /* InboxViewController.m */ = {isa = PBXFileReference; fileEncoding = 4; lastKnownFileType = sourcecode.c.objc; path = InboxViewController.m; sourceTree = "<group>"; };
		ADEA5B52195DF02300CE20B2 /* LaunchViewController.h */ = {isa = PBXFileReference; fileEncoding = 4; lastKnownFileType = sourcecode.c.h; path = LaunchViewController.h; sourceTree = "<group>"; };
		ADEA5B53195DF02300CE20B2 /* LaunchViewController.m */ = {isa = PBXFileReference; fileEncoding = 4; lastKnownFileType = sourcecode.c.objc; path = LaunchViewController.m; sourceTree = "<group>"; };
		ADEA5B54195DF02300CE20B2 /* LoginViewController.h */ = {isa = PBXFileReference; fileEncoding = 4; lastKnownFileType = sourcecode.c.h; path = LoginViewController.h; sourceTree = "<group>"; };
		ADEA5B55195DF02300CE20B2 /* LoginViewController.m */ = {isa = PBXFileReference; fileEncoding = 4; lastKnownFileType = sourcecode.c.objc; path = LoginViewController.m; sourceTree = "<group>"; };
		ADEA5B56195DF02300CE20B2 /* SearchViewController.h */ = {isa = PBXFileReference; fileEncoding = 4; lastKnownFileType = sourcecode.c.h; path = SearchViewController.h; sourceTree = "<group>"; };
		ADEA5B57195DF02300CE20B2 /* SearchViewController.m */ = {isa = PBXFileReference; fileEncoding = 4; lastKnownFileType = sourcecode.c.objc; path = SearchViewController.m; sourceTree = "<group>"; };
		ADEA5B58195DF02300CE20B2 /* SendToFriendsViewController.h */ = {isa = PBXFileReference; fileEncoding = 4; lastKnownFileType = sourcecode.c.h; path = SendToFriendsViewController.h; sourceTree = "<group>"; };
		ADEA5B59195DF02300CE20B2 /* SendToFriendsViewController.m */ = {isa = PBXFileReference; fileEncoding = 4; lastKnownFileType = sourcecode.c.objc; path = SendToFriendsViewController.m; sourceTree = "<group>"; };
		ADEA5B5A195DF02300CE20B2 /* SignupViewController.h */ = {isa = PBXFileReference; fileEncoding = 4; lastKnownFileType = sourcecode.c.h; path = SignupViewController.h; sourceTree = "<group>"; };
		ADEA5B5B195DF02300CE20B2 /* SignupViewController.m */ = {isa = PBXFileReference; fileEncoding = 4; lastKnownFileType = sourcecode.c.objc; path = SignupViewController.m; sourceTree = "<group>"; };
		ADEA5B5C195DF02300CE20B2 /* SMSWindowViewController.h */ = {isa = PBXFileReference; fileEncoding = 4; lastKnownFileType = sourcecode.c.h; path = SMSWindowViewController.h; sourceTree = "<group>"; };
		ADEA5B5D195DF02300CE20B2 /* SMSWindowViewController.m */ = {isa = PBXFileReference; fileEncoding = 4; lastKnownFileType = sourcecode.c.objc; path = SMSWindowViewController.m; sourceTree = "<group>"; };
		ADEA5B68195DF08900CE20B2 /* MediaCaptureVC.h */ = {isa = PBXFileReference; fileEncoding = 4; lastKnownFileType = sourcecode.c.h; path = MediaCaptureVC.h; sourceTree = "<group>"; };
		ADEA5B69195DF08900CE20B2 /* MediaCaptureVC.m */ = {isa = PBXFileReference; fileEncoding = 4; lastKnownFileType = sourcecode.c.objc; path = MediaCaptureVC.m; sourceTree = "<group>"; };
		ADEA5B6E195DF0BA00CE20B2 /* FinishedHalfsieVC.h */ = {isa = PBXFileReference; fileEncoding = 4; lastKnownFileType = sourcecode.c.h; path = FinishedHalfsieVC.h; sourceTree = "<group>"; };
		ADEA5B6F195DF0BA00CE20B2 /* FinishedHalfsieVC.m */ = {isa = PBXFileReference; fileEncoding = 4; lastKnownFileType = sourcecode.c.objc; path = FinishedHalfsieVC.m; sourceTree = "<group>"; };
		ADEA5B72195DF0DF00CE20B2 /* MediaCaptureVCResponse.h */ = {isa = PBXFileReference; fileEncoding = 4; lastKnownFileType = sourcecode.c.h; path = MediaCaptureVCResponse.h; sourceTree = "<group>"; };
		ADEA5B73195DF0DF00CE20B2 /* MediaCaptureVCResponse.m */ = {isa = PBXFileReference; fileEncoding = 4; lastKnownFileType = sourcecode.c.objc; path = MediaCaptureVCResponse.m; sourceTree = "<group>"; };
		ADEA5B78195DF15800CE20B2 /* NSObject+Properties.h */ = {isa = PBXFileReference; fileEncoding = 4; lastKnownFileType = sourcecode.c.h; path = "NSObject+Properties.h"; sourceTree = "<group>"; };
		ADEA5B79195DF15800CE20B2 /* NSObject+Properties.m */ = {isa = PBXFileReference; fileEncoding = 4; lastKnownFileType = sourcecode.c.objc; path = "NSObject+Properties.m"; sourceTree = "<group>"; };
		ADEA5B7A195DF15800CE20B2 /* PFACL+NSCoding.h */ = {isa = PBXFileReference; fileEncoding = 4; lastKnownFileType = sourcecode.c.h; path = "PFACL+NSCoding.h"; sourceTree = "<group>"; };
		ADEA5B7B195DF15800CE20B2 /* PFACL+NSCoding.m */ = {isa = PBXFileReference; fileEncoding = 4; lastKnownFileType = sourcecode.c.objc; path = "PFACL+NSCoding.m"; sourceTree = "<group>"; };
		ADEA5B7C195DF15800CE20B2 /* PFFile+NSCoding.h */ = {isa = PBXFileReference; fileEncoding = 4; lastKnownFileType = sourcecode.c.h; path = "PFFile+NSCoding.h"; sourceTree = "<group>"; };
		ADEA5B7D195DF15800CE20B2 /* PFFile+NSCoding.m */ = {isa = PBXFileReference; fileEncoding = 4; lastKnownFileType = sourcecode.c.objc; path = "PFFile+NSCoding.m"; sourceTree = "<group>"; };
		ADEA5B7E195DF15800CE20B2 /* PFObject+NSCoding.h */ = {isa = PBXFileReference; fileEncoding = 4; lastKnownFileType = sourcecode.c.h; path = "PFObject+NSCoding.h"; sourceTree = "<group>"; };
		ADEA5B7F195DF15800CE20B2 /* PFObject+NSCoding.m */ = {isa = PBXFileReference; fileEncoding = 4; lastKnownFileType = sourcecode.c.objc; path = "PFObject+NSCoding.m"; sourceTree = "<group>"; };
		ADEA5B80195DF15800CE20B2 /* UIImage+so1.h */ = {isa = PBXFileReference; fileEncoding = 4; lastKnownFileType = sourcecode.c.h; path = "UIImage+so1.h"; sourceTree = "<group>"; };
		ADEA5B81195DF15800CE20B2 /* UIImage+so1.m */ = {isa = PBXFileReference; fileEncoding = 4; lastKnownFileType = sourcecode.c.objc; path = "UIImage+so1.m"; sourceTree = "<group>"; };
		ADEA5B87195DF16D00CE20B2 /* Images.xcassets */ = {isa = PBXFileReference; lastKnownFileType = folder.assetcatalog; name = Images.xcassets; path = Halfsies/Images.xcassets; sourceTree = SOURCE_ROOT; };
		ADEA5B89195DF1DB00CE20B2 /* Security.framework */ = {isa = PBXFileReference; lastKnownFileType = wrapper.framework; name = Security.framework; path = System/Library/Frameworks/Security.framework; sourceTree = SDKROOT; };
		ADEA5B8B195DF1EF00CE20B2 /* MobileCoreServices.framework */ = {isa = PBXFileReference; lastKnownFileType = wrapper.framework; name = MobileCoreServices.framework; path = System/Library/Frameworks/MobileCoreServices.framework; sourceTree = SDKROOT; };
		ADEA5B8D195DF20600CE20B2 /* SystemConfiguration.framework */ = {isa = PBXFileReference; lastKnownFileType = wrapper.framework; name = SystemConfiguration.framework; path = System/Library/Frameworks/SystemConfiguration.framework; sourceTree = SDKROOT; };
		C331E101194BB5B300A88D7A /* Crashlytics.framework */ = {isa = PBXFileReference; lastKnownFileType = wrapper.framework; path = Crashlytics.framework; sourceTree = "<group>"; };
		C344806F186FD9E800B9DB48 /* Parse.framework */ = {isa = PBXFileReference; lastKnownFileType = wrapper.framework; path = Parse.framework; sourceTree = "<group>"; };
		C3448077186FDC7300B9DB48 /* libz.1.1.3.dylib */ = {isa = PBXFileReference; lastKnownFileType = "compiled.mach-o.dylib"; name = libz.1.1.3.dylib; path = usr/lib/libz.1.1.3.dylib; sourceTree = SDKROOT; };
		C378735B186B4CC5009F7FFB /* Halfsies.app */ = {isa = PBXFileReference; explicitFileType = wrapper.application; includeInIndex = 0; path = Halfsies.app; sourceTree = BUILT_PRODUCTS_DIR; };
		C38699AC18DA9228008D77EB /* FacebookSDK.framework */ = {isa = PBXFileReference; lastKnownFileType = wrapper.framework; name = FacebookSDK.framework; path = ../../../../Documents/FacebookSDK/FacebookSDK.framework; sourceTree = "<group>"; };
/* End PBXFileReference section */

/* Begin PBXFrameworksBuildPhase section */
		C3787358186B4CC3009F7FFB /* Frameworks */ = {
			isa = PBXFrameworksBuildPhase;
			buildActionMask = 2147483647;
			files = (
				ADEA5B8E195DF20600CE20B2 /* SystemConfiguration.framework in Frameworks */,
				ADEA5B8C195DF1EF00CE20B2 /* MobileCoreServices.framework in Frameworks */,
				C38699AD18DA9228008D77EB /* FacebookSDK.framework in Frameworks */,
				C3448078186FDC7300B9DB48 /* libz.1.1.3.dylib in Frameworks */,
				C331E102194BB5B300A88D7A /* Crashlytics.framework in Frameworks */,
				C3448070186FD9E800B9DB48 /* Parse.framework in Frameworks */,
			);
			runOnlyForDeploymentPostprocessing = 0;
		};
/* End PBXFrameworksBuildPhase section */

/* Begin PBXGroup section */
		AD7F4BEE195DED16001B07E3 /* Halfsies */ = {
			isa = PBXGroup;
			children = (
				AD7F4BF1195DED16001B07E3 /* AppDelegate.h */,
				AD7F4BF2195DED16001B07E3 /* AppDelegate.m */,
				ADEA5B77195DF15800CE20B2 /* Categories */,
				ADEA5B49195DF02300CE20B2 /* View Controllers */,
				ADEA5B71195DF0C500CE20B2 /* Resources */,
				ADEA5B76195DF0FB00CE20B2 /* External Code */,
			);
			path = Halfsies;
			sourceTree = "<group>";
		};
		ADEA5B49195DF02300CE20B2 /* View Controllers */ = {
			isa = PBXGroup;
			children = (
				ADEA5B72195DF0DF00CE20B2 /* MediaCaptureVCResponse.h */,
				ADEA5B73195DF0DF00CE20B2 /* MediaCaptureVCResponse.m */,
				ADEA5B6E195DF0BA00CE20B2 /* FinishedHalfsieVC.h */,
				ADEA5B6F195DF0BA00CE20B2 /* FinishedHalfsieVC.m */,
				ADEA5B68195DF08900CE20B2 /* MediaCaptureVC.h */,
				ADEA5B69195DF08900CE20B2 /* MediaCaptureVC.m */,
				ADEA5B4A195DF02300CE20B2 /* AddFriendsViewController.h */,
				ADEA5B4B195DF02300CE20B2 /* AddFriendsViewController.m */,
				ADEA5B4C195DF02300CE20B2 /* FinalFindFriendsViewController.h */,
				ADEA5B4D195DF02300CE20B2 /* FinalFindFriendsViewController.m */,
				ADEA5B4E195DF02300CE20B2 /* FindFriendsViewController.h */,
				ADEA5B4F195DF02300CE20B2 /* FindFriendsViewController.m */,
				ADEA5B50195DF02300CE20B2 /* InboxViewController.h */,
				ADEA5B51195DF02300CE20B2 /* InboxViewController.m */,
				ADEA5B52195DF02300CE20B2 /* LaunchViewController.h */,
				ADEA5B53195DF02300CE20B2 /* LaunchViewController.m */,
				ADEA5B54195DF02300CE20B2 /* LoginViewController.h */,
				ADEA5B55195DF02300CE20B2 /* LoginViewController.m */,
				ADEA5B56195DF02300CE20B2 /* SearchViewController.h */,
				ADEA5B57195DF02300CE20B2 /* SearchViewController.m */,
				ADEA5B58195DF02300CE20B2 /* SendToFriendsViewController.h */,
				ADEA5B59195DF02300CE20B2 /* SendToFriendsViewController.m */,
				ADEA5B5A195DF02300CE20B2 /* SignupViewController.h */,
				ADEA5B5B195DF02300CE20B2 /* SignupViewController.m */,
				ADEA5B5C195DF02300CE20B2 /* SMSWindowViewController.h */,
				ADEA5B5D195DF02300CE20B2 /* SMSWindowViewController.m */,
			);
			path = "View Controllers";
			sourceTree = "<group>";
		};
		ADEA5B71195DF0C500CE20B2 /* Resources */ = {
			isa = PBXGroup;
			children = (
				AD7F4C12195DED16001B07E3 /* Halfsies-Prefix.pch */,
				AD7F4C04195DED16001B07E3 /* main.m */,
				ADEA5B47195DEFD200CE20B2 /* Halfsies-Info.plist */,
				AD7F4BF3195DED16001B07E3 /* Main.storyboard */,
				AD7F4BF5195DED16001B07E3 /* InfoPlist.strings */,
			);
			name = Resources;
			sourceTree = "<group>";
		};
		ADEA5B76195DF0FB00CE20B2 /* External Code */ = {
			isa = PBXGroup;
			children = (
				AD7F4C05195DED16001B07E3 /* MBProgressHUD.h */,
				AD7F4C06195DED16001B07E3 /* MBProgressHUD.m */,
			);
			name = "External Code";
			sourceTree = "<group>";
		};
		ADEA5B77195DF15800CE20B2 /* Categories */ = {
			isa = PBXGroup;
			children = (
				ADEA5B78195DF15800CE20B2 /* NSObject+Properties.h */,
				ADEA5B79195DF15800CE20B2 /* NSObject+Properties.m */,
				ADEA5B7A195DF15800CE20B2 /* PFACL+NSCoding.h */,
				ADEA5B7B195DF15800CE20B2 /* PFACL+NSCoding.m */,
				ADEA5B7C195DF15800CE20B2 /* PFFile+NSCoding.h */,
				ADEA5B7D195DF15800CE20B2 /* PFFile+NSCoding.m */,
				ADEA5B7E195DF15800CE20B2 /* PFObject+NSCoding.h */,
				ADEA5B7F195DF15800CE20B2 /* PFObject+NSCoding.m */,
				ADEA5B80195DF15800CE20B2 /* UIImage+so1.h */,
				ADEA5B81195DF15800CE20B2 /* UIImage+so1.m */,
			);
			path = Categories;
			sourceTree = "<group>";
		};
		C35E5C6D18BD310000719B72 /* Image Resources */ = {
			isa = PBXGroup;
			children = (
				ADEA5B87195DF16D00CE20B2 /* Images.xcassets */,
			);
			name = "Image Resources";
			path = images;
			sourceTree = "<group>";
		};
		C3787352186B4CC3009F7FFB = {
			isa = PBXGroup;
			children = (
				AD7F4BEE195DED16001B07E3 /* Halfsies */,
				C35E5C6D18BD310000719B72 /* Image Resources */,
				C378735D186B4CC5009F7FFB /* Frameworks */,
				C378735C186B4CC5009F7FFB /* Products */,
			);
			sourceTree = "<group>";
		};
		C378735C186B4CC5009F7FFB /* Products */ = {
			isa = PBXGroup;
			children = (
				C378735B186B4CC5009F7FFB /* Halfsies.app */,
			);
			name = Products;
			sourceTree = "<group>";
		};
		C378735D186B4CC5009F7FFB /* Frameworks */ = {
			isa = PBXGroup;
			children = (
				ADEA5B8D195DF20600CE20B2 /* SystemConfiguration.framework */,
				ADEA5B8B195DF1EF00CE20B2 /* MobileCoreServices.framework */,
				ADEA5B89195DF1DB00CE20B2 /* Security.framework */,
				C331E101194BB5B300A88D7A /* Crashlytics.framework */,
				C38699AC18DA9228008D77EB /* FacebookSDK.framework */,
				C3448077186FDC7300B9DB48 /* libz.1.1.3.dylib */,
				C344806F186FD9E800B9DB48 /* Parse.framework */,
			);
			name = Frameworks;
			sourceTree = "<group>";
		};
/* End PBXGroup section */

/* Begin PBXNativeTarget section */
		C378735A186B4CC3009F7FFB /* Halfsies */ = {
			isa = PBXNativeTarget;
			buildConfigurationList = C378738D186B4CC7009F7FFB /* Build configuration list for PBXNativeTarget "Halfsies" */;
			buildPhases = (
				C3787357186B4CC3009F7FFB /* Sources */,
				C3787358186B4CC3009F7FFB /* Frameworks */,
				C3787359186B4CC3009F7FFB /* Resources */,
				C331E100194BB54500A88D7A /* ShellScript */,
			);
			buildRules = (
			);
			dependencies = (
			);
			name = Halfsies;
			productName = PhotoTest1;
			productReference = C378735B186B4CC5009F7FFB /* Halfsies.app */;
			productType = "com.apple.product-type.application";
		};
/* End PBXNativeTarget section */

/* Begin PBXProject section */
		C3787353186B4CC3009F7FFB /* Project object */ = {
			isa = PBXProject;
			attributes = {
				LastUpgradeCheck = 0510;
				ORGANIZATIONNAME = "Mitchell Porter";
			};
			buildConfigurationList = C3787356186B4CC3009F7FFB /* Build configuration list for PBXProject "Halfsies" */;
			compatibilityVersion = "Xcode 3.2";
			developmentRegion = English;
			hasScannedForEncodings = 0;
			knownRegions = (
				en,
				Base,
			);
			mainGroup = C3787352186B4CC3009F7FFB;
			productRefGroup = C378735C186B4CC5009F7FFB /* Products */;
			projectDirPath = "";
			projectRoot = "";
			targets = (
				C378735A186B4CC3009F7FFB /* Halfsies */,
			);
		};
/* End PBXProject section */

/* Begin PBXResourcesBuildPhase section */
		C3787359186B4CC3009F7FFB /* Resources */ = {
			isa = PBXResourcesBuildPhase;
			buildActionMask = 2147483647;
			files = (
				ADEA5B88195DF16D00CE20B2 /* Images.xcassets in Resources */,
				AD7F4C1F195DED16001B07E3 /* Main.storyboard in Resources */,
				AD7F4C20195DED16001B07E3 /* InfoPlist.strings in Resources */,
			);
			runOnlyForDeploymentPostprocessing = 0;
		};
/* End PBXResourcesBuildPhase section */

/* Begin PBXShellScriptBuildPhase section */
		C331E100194BB54500A88D7A /* ShellScript */ = {
			isa = PBXShellScriptBuildPhase;
			buildActionMask = 2147483647;
			files = (
			);
			inputPaths = (
			);
			outputPaths = (
			);
			runOnlyForDeploymentPostprocessing = 0;
			shellPath = /bin/sh;
			shellScript = "./Crashlytics.framework/run cc10af8049451966554e6df4d160875030930f4c cbdcdd571a88600a40854b4f67dcf1b8f47f5050519ff7e6a7d07ed9ce191350";
		};
/* End PBXShellScriptBuildPhase section */

/* Begin PBXSourcesBuildPhase section */
		C3787357186B4CC3009F7FFB /* Sources */ = {
			isa = PBXSourcesBuildPhase;
			buildActionMask = 2147483647;
			files = (
				ADEA5B63195DF02300CE20B2 /* LoginViewController.m in Sources */,
				AD7F4C1E195DED16001B07E3 /* AppDelegate.m in Sources */,
				ADEA5B64195DF02300CE20B2 /* SearchViewController.m in Sources */,
				ADEA5B62195DF02300CE20B2 /* LaunchViewController.m in Sources */,
				ADEA5B66195DF02300CE20B2 /* SignupViewController.m in Sources */,
				ADEA5B74195DF0DF00CE20B2 /* MediaCaptureVCResponse.m in Sources */,
				ADEA5B5F195DF02300CE20B2 /* FinalFindFriendsViewController.m in Sources */,
				ADEA5B83195DF15800CE20B2 /* PFACL+NSCoding.m in Sources */,
				ADEA5B5E195DF02300CE20B2 /* AddFriendsViewController.m in Sources */,
				ADEA5B6A195DF08900CE20B2 /* MediaCaptureVC.m in Sources */,
				ADEA5B60195DF02300CE20B2 /* FindFriendsViewController.m in Sources */,
				ADEA5B70195DF0BA00CE20B2 /* FinishedHalfsieVC.m in Sources */,
				AD7F4C28195DED16001B07E3 /* main.m in Sources */,
				ADEA5B82195DF15800CE20B2 /* NSObject+Properties.m in Sources */,
				ADEA5B65195DF02300CE20B2 /* SendToFriendsViewController.m in Sources */,
				ADEA5B86195DF15800CE20B2 /* UIImage+so1.m in Sources */,
				ADEA5B85195DF15800CE20B2 /* PFObject+NSCoding.m in Sources */,
				ADEA5B67195DF02300CE20B2 /* SMSWindowViewController.m in Sources */,
				AD7F4C29195DED16001B07E3 /* MBProgressHUD.m in Sources */,
				ADEA5B61195DF02300CE20B2 /* InboxViewController.m in Sources */,
				ADEA5B84195DF15800CE20B2 /* PFFile+NSCoding.m in Sources */,
			);
			runOnlyForDeploymentPostprocessing = 0;
		};
/* End PBXSourcesBuildPhase section */

/* Begin PBXVariantGroup section */
		AD7F4BF3195DED16001B07E3 /* Main.storyboard */ = {
			isa = PBXVariantGroup;
			children = (
				AD7F4BF4195DED16001B07E3 /* Base */,
			);
			name = Main.storyboard;
			sourceTree = "<group>";
		};
		AD7F4BF5195DED16001B07E3 /* InfoPlist.strings */ = {
			isa = PBXVariantGroup;
			children = (
				AD7F4BF6195DED16001B07E3 /* en */,
			);
			name = InfoPlist.strings;
			sourceTree = "<group>";
		};
/* End PBXVariantGroup section */

/* Begin XCBuildConfiguration section */
		C378738B186B4CC7009F7FFB /* Debug */ = {
			isa = XCBuildConfiguration;
			buildSettings = {
				ALWAYS_SEARCH_USER_PATHS = NO;
				CLANG_CXX_LANGUAGE_STANDARD = "gnu++0x";
				CLANG_CXX_LIBRARY = "libc++";
				CLANG_ENABLE_MODULES = YES;
				CLANG_ENABLE_OBJC_ARC = YES;
				CLANG_WARN_BOOL_CONVERSION = YES;
				CLANG_WARN_CONSTANT_CONVERSION = YES;
				CLANG_WARN_DIRECT_OBJC_ISA_USAGE = YES_ERROR;
				CLANG_WARN_EMPTY_BODY = YES;
				CLANG_WARN_ENUM_CONVERSION = YES;
				CLANG_WARN_INT_CONVERSION = YES;
				CLANG_WARN_OBJC_ROOT_CLASS = YES_ERROR;
				CLANG_WARN__DUPLICATE_METHOD_MATCH = YES;
				"CODE_SIGN_IDENTITY[sdk=iphoneos*]" = "iPhone Developer";
				COPY_PHASE_STRIP = NO;
				GCC_C_LANGUAGE_STANDARD = gnu99;
				GCC_DYNAMIC_NO_PIC = NO;
				GCC_OPTIMIZATION_LEVEL = 0;
				GCC_PREPROCESSOR_DEFINITIONS = (
					"DEBUG=1",
					"$(inherited)",
				);
				GCC_SYMBOLS_PRIVATE_EXTERN = NO;
				GCC_WARN_64_TO_32_BIT_CONVERSION = YES;
				GCC_WARN_ABOUT_RETURN_TYPE = YES_ERROR;
				GCC_WARN_UNDECLARED_SELECTOR = YES;
				GCC_WARN_UNINITIALIZED_AUTOS = YES;
				GCC_WARN_UNUSED_FUNCTION = YES;
				GCC_WARN_UNUSED_VARIABLE = YES;
				IPHONEOS_DEPLOYMENT_TARGET = 7.0;
				ONLY_ACTIVE_ARCH = YES;
				SDKROOT = iphoneos;
			};
			name = Debug;
		};
		C378738C186B4CC7009F7FFB /* Release */ = {
			isa = XCBuildConfiguration;
			buildSettings = {
				ALWAYS_SEARCH_USER_PATHS = NO;
				CLANG_CXX_LANGUAGE_STANDARD = "gnu++0x";
				CLANG_CXX_LIBRARY = "libc++";
				CLANG_ENABLE_MODULES = YES;
				CLANG_ENABLE_OBJC_ARC = YES;
				CLANG_WARN_BOOL_CONVERSION = YES;
				CLANG_WARN_CONSTANT_CONVERSION = YES;
				CLANG_WARN_DIRECT_OBJC_ISA_USAGE = YES_ERROR;
				CLANG_WARN_EMPTY_BODY = YES;
				CLANG_WARN_ENUM_CONVERSION = YES;
				CLANG_WARN_INT_CONVERSION = YES;
				CLANG_WARN_OBJC_ROOT_CLASS = YES_ERROR;
				CLANG_WARN__DUPLICATE_METHOD_MATCH = YES;
				"CODE_SIGN_IDENTITY[sdk=iphoneos*]" = "iPhone Developer";
				COPY_PHASE_STRIP = YES;
				ENABLE_NS_ASSERTIONS = NO;
				GCC_C_LANGUAGE_STANDARD = gnu99;
				GCC_WARN_64_TO_32_BIT_CONVERSION = YES;
				GCC_WARN_ABOUT_RETURN_TYPE = YES_ERROR;
				GCC_WARN_UNDECLARED_SELECTOR = YES;
				GCC_WARN_UNINITIALIZED_AUTOS = YES;
				GCC_WARN_UNUSED_FUNCTION = YES;
				GCC_WARN_UNUSED_VARIABLE = YES;
				IPHONEOS_DEPLOYMENT_TARGET = 7.0;
				SDKROOT = iphoneos;
				VALIDATE_PRODUCT = YES;
			};
			name = Release;
		};
		C378738E186B4CC7009F7FFB /* Debug */ = {
			isa = XCBuildConfiguration;
			buildSettings = {
				ASSETCATALOG_COMPILER_APPICON_NAME = AppIcon;
				ASSETCATALOG_COMPILER_LAUNCHIMAGE_NAME = LaunchImage;
				FRAMEWORK_SEARCH_PATHS = (
					"$(inherited)",
					/Documents/FacebookSDK,
					"~/Documents/FacebookSDK",
					"$(PROJECT_DIR)",
				);
				GCC_PRECOMPILE_PREFIX_HEADER = YES;
				GCC_PREFIX_HEADER = "Halfsies/Halfsies-Prefix.pch";
				INFOPLIST_FILE = "Halfsies/Halfsies-Info.plist";
				OTHER_LDFLAGS = "";
				PRODUCT_NAME = Halfsies;
				WRAPPER_EXTENSION = app;
			};
			name = Debug;
		};
		C378738F186B4CC7009F7FFB /* Release */ = {
			isa = XCBuildConfiguration;
			buildSettings = {
				ASSETCATALOG_COMPILER_APPICON_NAME = AppIcon;
				ASSETCATALOG_COMPILER_LAUNCHIMAGE_NAME = LaunchImage;
				FRAMEWORK_SEARCH_PATHS = (
					"$(inherited)",
					/Documents/FacebookSDK,
					"~/Documents/FacebookSDK",
					"$(PROJECT_DIR)",
				);
				GCC_PRECOMPILE_PREFIX_HEADER = YES;
				GCC_PREFIX_HEADER = "Halfsies/Halfsies-Prefix.pch";
				INFOPLIST_FILE = "Halfsies/Halfsies-Info.plist";
				OTHER_LDFLAGS = "";
				PRODUCT_NAME = Halfsies;
				WRAPPER_EXTENSION = app;
			};
			name = Release;
		};
/* End XCBuildConfiguration section */

/* Begin XCConfigurationList section */
		C3787356186B4CC3009F7FFB /* Build configuration list for PBXProject "Halfsies" */ = {
			isa = XCConfigurationList;
			buildConfigurations = (
				C378738B186B4CC7009F7FFB /* Debug */,
				C378738C186B4CC7009F7FFB /* Release */,
			);
			defaultConfigurationIsVisible = 0;
			defaultConfigurationName = Release;
		};
		C378738D186B4CC7009F7FFB /* Build configuration list for PBXNativeTarget "Halfsies" */ = {
			isa = XCConfigurationList;
			buildConfigurations = (
				C378738E186B4CC7009F7FFB /* Debug */,
				C378738F186B4CC7009F7FFB /* Release */,
			);
			defaultConfigurationIsVisible = 0;
			defaultConfigurationName = Release;
		};
/* End XCConfigurationList section */
	};
	rootObject = C3787353186B4CC3009F7FFB /* Project object */;
}
