// !$*UTF8*$!
{
	archiveVersion = 1;
	classes = {
	};
	objectVersion = 46;
	objects = {

/* Begin PBXBuildFile section */
		AD7F4C1F195DED16001B07E3 /* Main.storyboard in Resources */ = {isa = PBXBuildFile; fileRef = AD7F4BF3195DED16001B07E3 /* Main.storyboard */; };
		AD7F4C20195DED16001B07E3 /* InfoPlist.strings in Resources */ = {isa = PBXBuildFile; fileRef = AD7F4BF5195DED16001B07E3 /* InfoPlist.strings */; };
		AD7F4C28195DED16001B07E3 /* main.m in Sources */ = {isa = PBXBuildFile; fileRef = AD7F4C04195DED16001B07E3 /* main.m */; };
		AD7F4C29195DED16001B07E3 /* MBProgressHUD.m in Sources */ = {isa = PBXBuildFile; fileRef = AD7F4C06195DED16001B07E3 /* MBProgressHUD.m */; };
		ADEA5B88195DF16D00CE20B2 /* Images.xcassets in Resources */ = {isa = PBXBuildFile; fileRef = ADEA5B87195DF16D00CE20B2 /* Images.xcassets */; };
		ADEA5B8C195DF1EF00CE20B2 /* MobileCoreServices.framework in Frameworks */ = {isa = PBXBuildFile; fileRef = ADEA5B8B195DF1EF00CE20B2 /* MobileCoreServices.framework */; };
		ADEA5B8E195DF20600CE20B2 /* SystemConfiguration.framework in Frameworks */ = {isa = PBXBuildFile; fileRef = ADEA5B8D195DF20600CE20B2 /* SystemConfiguration.framework */; };
		C32028851964D32100EE7553 /* HALAppDelegate.m in Sources */ = {isa = PBXBuildFile; fileRef = C32028641964D32100EE7553 /* HALAppDelegate.m */; };
		C32028861964D32100EE7553 /* HALAddFriendsViewController.m in Sources */ = {isa = PBXBuildFile; fileRef = C32028671964D32100EE7553 /* HALAddFriendsViewController.m */; };
		C32028871964D32100EE7553 /* HALFinalFindFriendsViewController.m in Sources */ = {isa = PBXBuildFile; fileRef = C32028691964D32100EE7553 /* HALFinalFindFriendsViewController.m */; };
		C32028881964D32100EE7553 /* HALFindFriendsViewController.m in Sources */ = {isa = PBXBuildFile; fileRef = C320286B1964D32100EE7553 /* HALFindFriendsViewController.m */; };
		C32028891964D32100EE7553 /* HALFinishedHalfsieVC.m in Sources */ = {isa = PBXBuildFile; fileRef = C320286D1964D32100EE7553 /* HALFinishedHalfsieVC.m */; };
		C320288A1964D32100EE7553 /* HALInboxViewController.m in Sources */ = {isa = PBXBuildFile; fileRef = C320286F1964D32100EE7553 /* HALInboxViewController.m */; };
		C320288B1964D32100EE7553 /* HALLaunchViewController.m in Sources */ = {isa = PBXBuildFile; fileRef = C32028711964D32100EE7553 /* HALLaunchViewController.m */; };
		C320288C1964D32100EE7553 /* HALLoginViewController.m in Sources */ = {isa = PBXBuildFile; fileRef = C32028731964D32100EE7553 /* HALLoginViewController.m */; };
		C320288D1964D32100EE7553 /* HALMediaCaptureVC.m in Sources */ = {isa = PBXBuildFile; fileRef = C32028751964D32100EE7553 /* HALMediaCaptureVC.m */; };
		C320288E1964D32100EE7553 /* HALMediaCaptureVCResponse.m in Sources */ = {isa = PBXBuildFile; fileRef = C32028771964D32100EE7553 /* HALMediaCaptureVCResponse.m */; };
		C320288F1964D32100EE7553 /* HALSearchViewController.m in Sources */ = {isa = PBXBuildFile; fileRef = C32028791964D32100EE7553 /* HALSearchViewController.m */; };
		C32028901964D32100EE7553 /* HALSendToFriendsViewController.m in Sources */ = {isa = PBXBuildFile; fileRef = C320287B1964D32100EE7553 /* HALSendToFriendsViewController.m */; };
		C32028911964D32100EE7553 /* HALSignupViewController.m in Sources */ = {isa = PBXBuildFile; fileRef = C320287D1964D32100EE7553 /* HALSignupViewController.m */; };
		C32028921964D32100EE7553 /* HALSMSWindowViewController.m in Sources */ = {isa = PBXBuildFile; fileRef = C320287F1964D32100EE7553 /* HALSMSWindowViewController.m */; };
		C32028C01964D43100EE7553 /* NSObject+Properties.m in Sources */ = {isa = PBXBuildFile; fileRef = C32028B71964D43100EE7553 /* NSObject+Properties.m */; };
		C32028C11964D43100EE7553 /* PFACL+NSCoding.m in Sources */ = {isa = PBXBuildFile; fileRef = C32028B91964D43100EE7553 /* PFACL+NSCoding.m */; };
		C32028C21964D43100EE7553 /* PFFile+NSCoding.m in Sources */ = {isa = PBXBuildFile; fileRef = C32028BB1964D43100EE7553 /* PFFile+NSCoding.m */; };
		C32028C31964D43100EE7553 /* PFObject+NSCoding.m in Sources */ = {isa = PBXBuildFile; fileRef = C32028BD1964D43100EE7553 /* PFObject+NSCoding.m */; };
		C32028C41964D43100EE7553 /* UIImage+so1.m in Sources */ = {isa = PBXBuildFile; fileRef = C32028BF1964D43100EE7553 /* UIImage+so1.m */; };
		C342BA781982D07F007BB674 /* UIImage+Resize.m in Sources */ = {isa = PBXBuildFile; fileRef = C342BA771982D07F007BB674 /* UIImage+Resize.m */; };
		C3431E6D196F2313004822F7 /* Crashlytics.framework in Frameworks */ = {isa = PBXBuildFile; fileRef = C3431E6C196F2313004822F7 /* Crashlytics.framework */; };
		C3448070186FD9E800B9DB48 /* Parse.framework in Frameworks */ = {isa = PBXBuildFile; fileRef = C344806F186FD9E800B9DB48 /* Parse.framework */; };
		C3448078186FDC7300B9DB48 /* libz.1.1.3.dylib in Frameworks */ = {isa = PBXBuildFile; fileRef = C3448077186FDC7300B9DB48 /* libz.1.1.3.dylib */; };
		C3BE3B841970756B008705FD /* HALUserDefaults.m in Sources */ = {isa = PBXBuildFile; fileRef = C3BE3B831970756B008705FD /* HALUserDefaults.m */; };
		C3BE3B871970786A008705FD /* HALParseConnection.m in Sources */ = {isa = PBXBuildFile; fileRef = C3BE3B861970786A008705FD /* HALParseConnection.m */; };
		C3C5DFC9196C5C4F00D0F0F8 /* HALAddressBook.m in Sources */ = {isa = PBXBuildFile; fileRef = C3C5DFC8196C5C4F00D0F0F8 /* HALAddressBook.m */; };
		C3C5DFCC196C69A600D0F0F8 /* HALContact.m in Sources */ = {isa = PBXBuildFile; fileRef = C3C5DFCB196C69A600D0F0F8 /* HALContact.m */; };
/* End PBXBuildFile section */

/* Begin PBXFileReference section */
		AD7F4BF4195DED16001B07E3 /* Base */ = {isa = PBXFileReference; lastKnownFileType = file.storyboard; name = Base; path = Base.lproj/Main.storyboard; sourceTree = "<group>"; };
		AD7F4BF6195DED16001B07E3 /* en */ = {isa = PBXFileReference; lastKnownFileType = text.plist.strings; name = en; path = en.lproj/InfoPlist.strings; sourceTree = "<group>"; };
		AD7F4C04195DED16001B07E3 /* main.m */ = {isa = PBXFileReference; fileEncoding = 4; lastKnownFileType = sourcecode.c.objc; path = main.m; sourceTree = "<group>"; };
		AD7F4C05195DED16001B07E3 /* MBProgressHUD.h */ = {isa = PBXFileReference; fileEncoding = 4; lastKnownFileType = sourcecode.c.h; path = MBProgressHUD.h; sourceTree = "<group>"; };
		AD7F4C06195DED16001B07E3 /* MBProgressHUD.m */ = {isa = PBXFileReference; fileEncoding = 4; lastKnownFileType = sourcecode.c.objc; path = MBProgressHUD.m; sourceTree = "<group>"; };
		AD7F4C12195DED16001B07E3 /* Halfsies-Prefix.pch */ = {isa = PBXFileReference; fileEncoding = 4; lastKnownFileType = sourcecode.c.h; path = "Halfsies-Prefix.pch"; sourceTree = "<group>"; };
		ADEA5B47195DEFD200CE20B2 /* Halfsies-Info.plist */ = {isa = PBXFileReference; fileEncoding = 4; lastKnownFileType = text.plist.xml; path = "Halfsies-Info.plist"; sourceTree = "<group>"; };
		ADEA5B87195DF16D00CE20B2 /* Images.xcassets */ = {isa = PBXFileReference; lastKnownFileType = folder.assetcatalog; name = Images.xcassets; path = Halfsies/Images.xcassets; sourceTree = SOURCE_ROOT; };
		ADEA5B89195DF1DB00CE20B2 /* Security.framework */ = {isa = PBXFileReference; lastKnownFileType = wrapper.framework; name = Security.framework; path = System/Library/Frameworks/Security.framework; sourceTree = SDKROOT; };
		ADEA5B8B195DF1EF00CE20B2 /* MobileCoreServices.framework */ = {isa = PBXFileReference; lastKnownFileType = wrapper.framework; name = MobileCoreServices.framework; path = System/Library/Frameworks/MobileCoreServices.framework; sourceTree = SDKROOT; };
		ADEA5B8D195DF20600CE20B2 /* SystemConfiguration.framework */ = {isa = PBXFileReference; lastKnownFileType = wrapper.framework; name = SystemConfiguration.framework; path = System/Library/Frameworks/SystemConfiguration.framework; sourceTree = SDKROOT; };
		C32028631964D32100EE7553 /* HALAppDelegate.h */ = {isa = PBXFileReference; fileEncoding = 4; lastKnownFileType = sourcecode.c.h; path = HALAppDelegate.h; sourceTree = "<group>"; };
		C32028641964D32100EE7553 /* HALAppDelegate.m */ = {isa = PBXFileReference; fileEncoding = 4; lastKnownFileType = sourcecode.c.objc; path = HALAppDelegate.m; sourceTree = "<group>"; };
		C32028661964D32100EE7553 /* HALAddFriendsViewController.h */ = {isa = PBXFileReference; fileEncoding = 4; lastKnownFileType = sourcecode.c.h; path = HALAddFriendsViewController.h; sourceTree = "<group>"; };
		C32028671964D32100EE7553 /* HALAddFriendsViewController.m */ = {isa = PBXFileReference; fileEncoding = 4; lastKnownFileType = sourcecode.c.objc; path = HALAddFriendsViewController.m; sourceTree = "<group>"; };
		C32028681964D32100EE7553 /* HALFinalFindFriendsViewController.h */ = {isa = PBXFileReference; fileEncoding = 4; lastKnownFileType = sourcecode.c.h; path = HALFinalFindFriendsViewController.h; sourceTree = "<group>"; };
		C32028691964D32100EE7553 /* HALFinalFindFriendsViewController.m */ = {isa = PBXFileReference; fileEncoding = 4; lastKnownFileType = sourcecode.c.objc; path = HALFinalFindFriendsViewController.m; sourceTree = "<group>"; };
		C320286A1964D32100EE7553 /* HALFindFriendsViewController.h */ = {isa = PBXFileReference; fileEncoding = 4; lastKnownFileType = sourcecode.c.h; path = HALFindFriendsViewController.h; sourceTree = "<group>"; };
		C320286B1964D32100EE7553 /* HALFindFriendsViewController.m */ = {isa = PBXFileReference; fileEncoding = 4; lastKnownFileType = sourcecode.c.objc; path = HALFindFriendsViewController.m; sourceTree = "<group>"; };
		C320286C1964D32100EE7553 /* HALFinishedHalfsieVC.h */ = {isa = PBXFileReference; fileEncoding = 4; lastKnownFileType = sourcecode.c.h; path = HALFinishedHalfsieVC.h; sourceTree = "<group>"; };
		C320286D1964D32100EE7553 /* HALFinishedHalfsieVC.m */ = {isa = PBXFileReference; fileEncoding = 4; lastKnownFileType = sourcecode.c.objc; path = HALFinishedHalfsieVC.m; sourceTree = "<group>"; };
		C320286E1964D32100EE7553 /* HALInboxViewController.h */ = {isa = PBXFileReference; fileEncoding = 4; lastKnownFileType = sourcecode.c.h; path = HALInboxViewController.h; sourceTree = "<group>"; };
		C320286F1964D32100EE7553 /* HALInboxViewController.m */ = {isa = PBXFileReference; fileEncoding = 4; lastKnownFileType = sourcecode.c.objc; path = HALInboxViewController.m; sourceTree = "<group>"; };
		C32028701964D32100EE7553 /* HALLaunchViewController.h */ = {isa = PBXFileReference; fileEncoding = 4; lastKnownFileType = sourcecode.c.h; path = HALLaunchViewController.h; sourceTree = "<group>"; };
		C32028711964D32100EE7553 /* HALLaunchViewController.m */ = {isa = PBXFileReference; fileEncoding = 4; lastKnownFileType = sourcecode.c.objc; path = HALLaunchViewController.m; sourceTree = "<group>"; };
		C32028721964D32100EE7553 /* HALLoginViewController.h */ = {isa = PBXFileReference; fileEncoding = 4; lastKnownFileType = sourcecode.c.h; path = HALLoginViewController.h; sourceTree = "<group>"; };
		C32028731964D32100EE7553 /* HALLoginViewController.m */ = {isa = PBXFileReference; fileEncoding = 4; lastKnownFileType = sourcecode.c.objc; path = HALLoginViewController.m; sourceTree = "<group>"; };
		C32028741964D32100EE7553 /* HALMediaCaptureVC.h */ = {isa = PBXFileReference; fileEncoding = 4; lastKnownFileType = sourcecode.c.h; path = HALMediaCaptureVC.h; sourceTree = "<group>"; };
		C32028751964D32100EE7553 /* HALMediaCaptureVC.m */ = {isa = PBXFileReference; fileEncoding = 4; lastKnownFileType = sourcecode.c.objc; path = HALMediaCaptureVC.m; sourceTree = "<group>"; };
		C32028761964D32100EE7553 /* HALMediaCaptureVCResponse.h */ = {isa = PBXFileReference; fileEncoding = 4; lastKnownFileType = sourcecode.c.h; path = HALMediaCaptureVCResponse.h; sourceTree = "<group>"; };
		C32028771964D32100EE7553 /* HALMediaCaptureVCResponse.m */ = {isa = PBXFileReference; fileEncoding = 4; lastKnownFileType = sourcecode.c.objc; path = HALMediaCaptureVCResponse.m; sourceTree = "<group>"; };
		C32028781964D32100EE7553 /* HALSearchViewController.h */ = {isa = PBXFileReference; fileEncoding = 4; lastKnownFileType = sourcecode.c.h; path = HALSearchViewController.h; sourceTree = "<group>"; };
		C32028791964D32100EE7553 /* HALSearchViewController.m */ = {isa = PBXFileReference; fileEncoding = 4; lastKnownFileType = sourcecode.c.objc; path = HALSearchViewController.m; sourceTree = "<group>"; };
		C320287A1964D32100EE7553 /* HALSendToFriendsViewController.h */ = {isa = PBXFileReference; fileEncoding = 4; lastKnownFileType = sourcecode.c.h; path = HALSendToFriendsViewController.h; sourceTree = "<group>"; };
		C320287B1964D32100EE7553 /* HALSendToFriendsViewController.m */ = {isa = PBXFileReference; fileEncoding = 4; lastKnownFileType = sourcecode.c.objc; path = HALSendToFriendsViewController.m; sourceTree = "<group>"; };
		C320287C1964D32100EE7553 /* HALSignupViewController.h */ = {isa = PBXFileReference; fileEncoding = 4; lastKnownFileType = sourcecode.c.h; path = HALSignupViewController.h; sourceTree = "<group>"; };
		C320287D1964D32100EE7553 /* HALSignupViewController.m */ = {isa = PBXFileReference; fileEncoding = 4; lastKnownFileType = sourcecode.c.objc; path = HALSignupViewController.m; sourceTree = "<group>"; };
		C320287E1964D32100EE7553 /* HALSMSWindowViewController.h */ = {isa = PBXFileReference; fileEncoding = 4; lastKnownFileType = sourcecode.c.h; path = HALSMSWindowViewController.h; sourceTree = "<group>"; };
		C320287F1964D32100EE7553 /* HALSMSWindowViewController.m */ = {isa = PBXFileReference; fileEncoding = 4; lastKnownFileType = sourcecode.c.objc; path = HALSMSWindowViewController.m; sourceTree = "<group>"; };
		C32028B61964D43100EE7553 /* NSObject+Properties.h */ = {isa = PBXFileReference; fileEncoding = 4; lastKnownFileType = sourcecode.c.h; path = "NSObject+Properties.h"; sourceTree = "<group>"; };
		C32028B71964D43100EE7553 /* NSObject+Properties.m */ = {isa = PBXFileReference; fileEncoding = 4; lastKnownFileType = sourcecode.c.objc; path = "NSObject+Properties.m"; sourceTree = "<group>"; };
		C32028B81964D43100EE7553 /* PFACL+NSCoding.h */ = {isa = PBXFileReference; fileEncoding = 4; lastKnownFileType = sourcecode.c.h; path = "PFACL+NSCoding.h"; sourceTree = "<group>"; };
		C32028B91964D43100EE7553 /* PFACL+NSCoding.m */ = {isa = PBXFileReference; fileEncoding = 4; lastKnownFileType = sourcecode.c.objc; path = "PFACL+NSCoding.m"; sourceTree = "<group>"; };
		C32028BA1964D43100EE7553 /* PFFile+NSCoding.h */ = {isa = PBXFileReference; fileEncoding = 4; lastKnownFileType = sourcecode.c.h; path = "PFFile+NSCoding.h"; sourceTree = "<group>"; };
		C32028BB1964D43100EE7553 /* PFFile+NSCoding.m */ = {isa = PBXFileReference; fileEncoding = 4; lastKnownFileType = sourcecode.c.objc; path = "PFFile+NSCoding.m"; sourceTree = "<group>"; };
		C32028BC1964D43100EE7553 /* PFObject+NSCoding.h */ = {isa = PBXFileReference; fileEncoding = 4; lastKnownFileType = sourcecode.c.h; path = "PFObject+NSCoding.h"; sourceTree = "<group>"; };
		C32028BD1964D43100EE7553 /* PFObject+NSCoding.m */ = {isa = PBXFileReference; fileEncoding = 4; lastKnownFileType = sourcecode.c.objc; path = "PFObject+NSCoding.m"; sourceTree = "<group>"; };
		C32028BE1964D43100EE7553 /* UIImage+so1.h */ = {isa = PBXFileReference; fileEncoding = 4; lastKnownFileType = sourcecode.c.h; path = "UIImage+so1.h"; sourceTree = "<group>"; };
		C32028BF1964D43100EE7553 /* UIImage+so1.m */ = {isa = PBXFileReference; fileEncoding = 4; lastKnownFileType = sourcecode.c.objc; path = "UIImage+so1.m"; sourceTree = "<group>"; };
		C342BA761982D07F007BB674 /* UIImage+Resize.h */ = {isa = PBXFileReference; fileEncoding = 4; lastKnownFileType = sourcecode.c.h; name = "UIImage+Resize.h"; path = "../../../../../Downloads/UIImage-Categories-master/UIImage+Resize.h"; sourceTree = "<group>"; };
		C342BA771982D07F007BB674 /* UIImage+Resize.m */ = {isa = PBXFileReference; fileEncoding = 4; lastKnownFileType = sourcecode.c.objc; name = "UIImage+Resize.m"; path = "../../../../../Downloads/UIImage-Categories-master/UIImage+Resize.m"; sourceTree = "<group>"; };
		C3431E6C196F2313004822F7 /* Crashlytics.framework */ = {isa = PBXFileReference; lastKnownFileType = wrapper.framework; path = Crashlytics.framework; sourceTree = "<group>"; };
		C344806F186FD9E800B9DB48 /* Parse.framework */ = {isa = PBXFileReference; lastKnownFileType = wrapper.framework; path = Parse.framework; sourceTree = "<group>"; };
		C3448077186FDC7300B9DB48 /* libz.1.1.3.dylib */ = {isa = PBXFileReference; lastKnownFileType = "compiled.mach-o.dylib"; name = libz.1.1.3.dylib; path = usr/lib/libz.1.1.3.dylib; sourceTree = SDKROOT; };
		C378735B186B4CC5009F7FFB /* Halfsies.app */ = {isa = PBXFileReference; explicitFileType = wrapper.application; includeInIndex = 0; path = Halfsies.app; sourceTree = BUILT_PRODUCTS_DIR; };
		C3BE3B821970756B008705FD /* HALUserDefaults.h */ = {isa = PBXFileReference; fileEncoding = 4; lastKnownFileType = sourcecode.c.h; path = HALUserDefaults.h; sourceTree = "<group>"; };
		C3BE3B831970756B008705FD /* HALUserDefaults.m */ = {isa = PBXFileReference; fileEncoding = 4; lastKnownFileType = sourcecode.c.objc; path = HALUserDefaults.m; sourceTree = "<group>"; };
		C3BE3B851970786A008705FD /* HALParseConnection.h */ = {isa = PBXFileReference; fileEncoding = 4; lastKnownFileType = sourcecode.c.h; path = HALParseConnection.h; sourceTree = "<group>"; };
		C3BE3B861970786A008705FD /* HALParseConnection.m */ = {isa = PBXFileReference; fileEncoding = 4; lastKnownFileType = sourcecode.c.objc; path = HALParseConnection.m; sourceTree = "<group>"; };
		C3C5DFC7196C5C4F00D0F0F8 /* HALAddressBook.h */ = {isa = PBXFileReference; fileEncoding = 4; lastKnownFileType = sourcecode.c.h; path = HALAddressBook.h; sourceTree = "<group>"; };
		C3C5DFC8196C5C4F00D0F0F8 /* HALAddressBook.m */ = {isa = PBXFileReference; fileEncoding = 4; lastKnownFileType = sourcecode.c.objc; path = HALAddressBook.m; sourceTree = "<group>"; };
		C3C5DFCA196C69A600D0F0F8 /* HALContact.h */ = {isa = PBXFileReference; fileEncoding = 4; lastKnownFileType = sourcecode.c.h; path = HALContact.h; sourceTree = "<group>"; };
		C3C5DFCB196C69A600D0F0F8 /* HALContact.m */ = {isa = PBXFileReference; fileEncoding = 4; lastKnownFileType = sourcecode.c.objc; path = HALContact.m; sourceTree = "<group>"; };
/* End PBXFileReference section */

/* Begin PBXFrameworksBuildPhase section */
		C3787358186B4CC3009F7FFB /* Frameworks */ = {
			isa = PBXFrameworksBuildPhase;
			buildActionMask = 2147483647;
			files = (
				ADEA5B8E195DF20600CE20B2 /* SystemConfiguration.framework in Frameworks */,
				C3431E6D196F2313004822F7 /* Crashlytics.framework in Frameworks */,
				ADEA5B8C195DF1EF00CE20B2 /* MobileCoreServices.framework in Frameworks */,
				C3448078186FDC7300B9DB48 /* libz.1.1.3.dylib in Frameworks */,
				C3448070186FD9E800B9DB48 /* Parse.framework in Frameworks */,
			);
			runOnlyForDeploymentPostprocessing = 0;
		};
/* End PBXFrameworksBuildPhase section */

/* Begin PBXGroup section */
		AD7F4BEE195DED16001B07E3 /* Halfsies */ = {
			isa = PBXGroup;
			children = (
				C32028561964D32100EE7553 /* Classes */,
				ADEA5B71195DF0C500CE20B2 /* Resources */,
				ADEA5B76195DF0FB00CE20B2 /* External Code */,
			);
			path = Halfsies;
			sourceTree = "<group>";
		};
		ADEA5B71195DF0C500CE20B2 /* Resources */ = {
			isa = PBXGroup;
			children = (
				AD7F4C12195DED16001B07E3 /* Halfsies-Prefix.pch */,
				AD7F4C04195DED16001B07E3 /* main.m */,
				ADEA5B47195DEFD200CE20B2 /* Halfsies-Info.plist */,
				AD7F4BF3195DED16001B07E3 /* Main.storyboard */,
				AD7F4BF5195DED16001B07E3 /* InfoPlist.strings */,
			);
			name = Resources;
			sourceTree = "<group>";
		};
		ADEA5B76195DF0FB00CE20B2 /* External Code */ = {
			isa = PBXGroup;
			children = (
				AD7F4C05195DED16001B07E3 /* MBProgressHUD.h */,
				AD7F4C06195DED16001B07E3 /* MBProgressHUD.m */,
			);
			name = "External Code";
			sourceTree = "<group>";
		};
		C32028561964D32100EE7553 /* Classes */ = {
			isa = PBXGroup;
			children = (
				C3C5DFC6196C5C4F00D0F0F8 /* Models */,
				C32028B51964D43100EE7553 /* Categories */,
				C32028621964D32100EE7553 /* Delegates */,
				C32028651964D32100EE7553 /* View Controllers */,
			);
			path = Classes;
			sourceTree = "<group>";
		};
		C32028621964D32100EE7553 /* Delegates */ = {
			isa = PBXGroup;
			children = (
				C32028631964D32100EE7553 /* HALAppDelegate.h */,
				C32028641964D32100EE7553 /* HALAppDelegate.m */,
			);
			path = Delegates;
			sourceTree = "<group>";
		};
		C32028651964D32100EE7553 /* View Controllers */ = {
			isa = PBXGroup;
			children = (
				C32028661964D32100EE7553 /* HALAddFriendsViewController.h */,
				C32028671964D32100EE7553 /* HALAddFriendsViewController.m */,
				C32028681964D32100EE7553 /* HALFinalFindFriendsViewController.h */,
				C32028691964D32100EE7553 /* HALFinalFindFriendsViewController.m */,
				C320286A1964D32100EE7553 /* HALFindFriendsViewController.h */,
				C320286B1964D32100EE7553 /* HALFindFriendsViewController.m */,
				C320286C1964D32100EE7553 /* HALFinishedHalfsieVC.h */,
				C320286D1964D32100EE7553 /* HALFinishedHalfsieVC.m */,
				C320286E1964D32100EE7553 /* HALInboxViewController.h */,
				C320286F1964D32100EE7553 /* HALInboxViewController.m */,
				C32028701964D32100EE7553 /* HALLaunchViewController.h */,
				C32028711964D32100EE7553 /* HALLaunchViewController.m */,
				C32028721964D32100EE7553 /* HALLoginViewController.h */,
				C32028731964D32100EE7553 /* HALLoginViewController.m */,
				C32028741964D32100EE7553 /* HALMediaCaptureVC.h */,
				C32028751964D32100EE7553 /* HALMediaCaptureVC.m */,
				C32028761964D32100EE7553 /* HALMediaCaptureVCResponse.h */,
				C32028771964D32100EE7553 /* HALMediaCaptureVCResponse.m */,
				C32028781964D32100EE7553 /* HALSearchViewController.h */,
				C32028791964D32100EE7553 /* HALSearchViewController.m */,
				C320287A1964D32100EE7553 /* HALSendToFriendsViewController.h */,
				C320287B1964D32100EE7553 /* HALSendToFriendsViewController.m */,
				C320287C1964D32100EE7553 /* HALSignupViewController.h */,
				C320287D1964D32100EE7553 /* HALSignupViewController.m */,
				C320287E1964D32100EE7553 /* HALSMSWindowViewController.h */,
				C320287F1964D32100EE7553 /* HALSMSWindowViewController.m */,
			);
			path = "View Controllers";
			sourceTree = "<group>";
		};
		C32028B51964D43100EE7553 /* Categories */ = {
			isa = PBXGroup;
			children = (
				C342BA761982D07F007BB674 /* UIImage+Resize.h */,
				C342BA771982D07F007BB674 /* UIImage+Resize.m */,
				C32028B61964D43100EE7553 /* NSObject+Properties.h */,
				C32028B71964D43100EE7553 /* NSObject+Properties.m */,
				C32028B81964D43100EE7553 /* PFACL+NSCoding.h */,
				C32028B91964D43100EE7553 /* PFACL+NSCoding.m */,
				C32028BA1964D43100EE7553 /* PFFile+NSCoding.h */,
				C32028BB1964D43100EE7553 /* PFFile+NSCoding.m */,
				C32028BC1964D43100EE7553 /* PFObject+NSCoding.h */,
				C32028BD1964D43100EE7553 /* PFObject+NSCoding.m */,
				C32028BE1964D43100EE7553 /* UIImage+so1.h */,
				C32028BF1964D43100EE7553 /* UIImage+so1.m */,
			);
			path = Categories;
			sourceTree = "<group>";
		};
		C35E5C6D18BD310000719B72 /* Image Resources */ = {
			isa = PBXGroup;
			children = (
				ADEA5B87195DF16D00CE20B2 /* Images.xcassets */,
			);
			name = "Image Resources";
			path = images;
			sourceTree = "<group>";
		};
		C3787352186B4CC3009F7FFB = {
			isa = PBXGroup;
			children = (
				AD7F4BEE195DED16001B07E3 /* Halfsies */,
				C35E5C6D18BD310000719B72 /* Image Resources */,
				C378735D186B4CC5009F7FFB /* Frameworks */,
				C378735C186B4CC5009F7FFB /* Products */,
			);
			sourceTree = "<group>";
		};
		C378735C186B4CC5009F7FFB /* Products */ = {
			isa = PBXGroup;
			children = (
				C378735B186B4CC5009F7FFB /* Halfsies.app */,
			);
			name = Products;
			sourceTree = "<group>";
		};
		C378735D186B4CC5009F7FFB /* Frameworks */ = {
			isa = PBXGroup;
			children = (
				C3431E6C196F2313004822F7 /* Crashlytics.framework */,
				ADEA5B8D195DF20600CE20B2 /* SystemConfiguration.framework */,
				ADEA5B8B195DF1EF00CE20B2 /* MobileCoreServices.framework */,
				ADEA5B89195DF1DB00CE20B2 /* Security.framework */,
				C3448077186FDC7300B9DB48 /* libz.1.1.3.dylib */,
				C344806F186FD9E800B9DB48 /* Parse.framework */,
			);
			name = Frameworks;
			sourceTree = "<group>";
		};
		C3C5DFC6196C5C4F00D0F0F8 /* Models */ = {
			isa = PBXGroup;
			children = (
				C3C5DFC7196C5C4F00D0F0F8 /* HALAddressBook.h */,
				C3C5DFC8196C5C4F00D0F0F8 /* HALAddressBook.m */,
				C3C5DFCA196C69A600D0F0F8 /* HALContact.h */,
				C3C5DFCB196C69A600D0F0F8 /* HALContact.m */,
				C3BE3B821970756B008705FD /* HALUserDefaults.h */,
				C3BE3B831970756B008705FD /* HALUserDefaults.m */,
				C3BE3B851970786A008705FD /* HALParseConnection.h */,
				C3BE3B861970786A008705FD /* HALParseConnection.m */,
			);
			path = Models;
			sourceTree = "<group>";
		};
/* End PBXGroup section */

/* Begin PBXNativeTarget section */
		C378735A186B4CC3009F7FFB /* Halfsies */ = {
			isa = PBXNativeTarget;
			buildConfigurationList = C378738D186B4CC7009F7FFB /* Build configuration list for PBXNativeTarget "Halfsies" */;
			buildPhases = (
				C3787357186B4CC3009F7FFB /* Sources */,
				C3787358186B4CC3009F7FFB /* Frameworks */,
				C3787359186B4CC3009F7FFB /* Resources */,
				C3431E6B196F22D3004822F7 /* ShellScript */,
			);
			buildRules = (
			);
			dependencies = (
			);
			name = Halfsies;
			productName = PhotoTest1;
			productReference = C378735B186B4CC5009F7FFB /* Halfsies.app */;
			productType = "com.apple.product-type.application";
		};
/* End PBXNativeTarget section */

/* Begin PBXProject section */
		C3787353186B4CC3009F7FFB /* Project object */ = {
			isa = PBXProject;
			attributes = {
				LastUpgradeCheck = 0510;
				ORGANIZATIONNAME = "Mitchell Porter";
			};
			buildConfigurationList = C3787356186B4CC3009F7FFB /* Build configuration list for PBXProject "Halfsies" */;
			compatibilityVersion = "Xcode 3.2";
			developmentRegion = English;
			hasScannedForEncodings = 0;
			knownRegions = (
				en,
				Base,
			);
			mainGroup = C3787352186B4CC3009F7FFB;
			productRefGroup = C378735C186B4CC5009F7FFB /* Products */;
			projectDirPath = "";
			projectRoot = "";
			targets = (
				C378735A186B4CC3009F7FFB /* Halfsies */,
			);
		};
/* End PBXProject section */

/* Begin PBXResourcesBuildPhase section */
		C3787359186B4CC3009F7FFB /* Resources */ = {
			isa = PBXResourcesBuildPhase;
			buildActionMask = 2147483647;
			files = (
				ADEA5B88195DF16D00CE20B2 /* Images.xcassets in Resources */,
				AD7F4C1F195DED16001B07E3 /* Main.storyboard in Resources */,
				AD7F4C20195DED16001B07E3 /* InfoPlist.strings in Resources */,
			);
			runOnlyForDeploymentPostprocessing = 0;
		};
/* End PBXResourcesBuildPhase section */

/* Begin PBXShellScriptBuildPhase section */
		C3431E6B196F22D3004822F7 /* ShellScript */ = {
			isa = PBXShellScriptBuildPhase;
			buildActionMask = 2147483647;
			files = (
			);
			inputPaths = (
			);
			outputPaths = (
			);
			runOnlyForDeploymentPostprocessing = 0;
			shellPath = /bin/sh;
			shellScript = "./Crashlytics.framework/run cc10af8049451966554e6df4d160875030930f4c cbdcdd571a88600a40854b4f67dcf1b8f47f5050519ff7e6a7d07ed9ce191350";
		};
/* End PBXShellScriptBuildPhase section */

/* Begin PBXSourcesBuildPhase section */
		C3787357186B4CC3009F7FFB /* Sources */ = {
			isa = PBXSourcesBuildPhase;
			buildActionMask = 2147483647;
			files = (
				C3BE3B841970756B008705FD /* HALUserDefaults.m in Sources */,
				C3C5DFC9196C5C4F00D0F0F8 /* HALAddressBook.m in Sources */,
				C3C5DFCC196C69A600D0F0F8 /* HALContact.m in Sources */,
				C32028861964D32100EE7553 /* HALAddFriendsViewController.m in Sources */,
				C3BE3B871970786A008705FD /* HALParseConnection.m in Sources */,
				C320288D1964D32100EE7553 /* HALMediaCaptureVC.m in Sources */,
				C32028911964D32100EE7553 /* HALSignupViewController.m in Sources */,
				C32028851964D32100EE7553 /* HALAppDelegate.m in Sources */,
				C32028881964D32100EE7553 /* HALFindFriendsViewController.m in Sources */,
				C320288F1964D32100EE7553 /* HALSearchViewController.m in Sources */,
				C32028871964D32100EE7553 /* HALFinalFindFriendsViewController.m in Sources */,
				C32028C11964D43100EE7553 /* PFACL+NSCoding.m in Sources */,
				C320288A1964D32100EE7553 /* HALInboxViewController.m in Sources */,
				C32028921964D32100EE7553 /* HALSMSWindowViewController.m in Sources */,
				AD7F4C28195DED16001B07E3 /* main.m in Sources */,
				C320288E1964D32100EE7553 /* HALMediaCaptureVCResponse.m in Sources */,
				C320288C1964D32100EE7553 /* HALLoginViewController.m in Sources */,
				C32028C01964D43100EE7553 /* NSObject+Properties.m in Sources */,
				C32028891964D32100EE7553 /* HALFinishedHalfsieVC.m in Sources */,
				C32028C41964D43100EE7553 /* UIImage+so1.m in Sources */,
				C32028C31964D43100EE7553 /* PFObject+NSCoding.m in Sources */,
				AD7F4C29195DED16001B07E3 /* MBProgressHUD.m in Sources */,
				C32028901964D32100EE7553 /* HALSendToFriendsViewController.m in Sources */,
				C342BA781982D07F007BB674 /* UIImage+Resize.m in Sources */,
				C320288B1964D32100EE7553 /* HALLaunchViewController.m in Sources */,
				C32028C21964D43100EE7553 /* PFFile+NSCoding.m in Sources */,
			);
			runOnlyForDeploymentPostprocessing = 0;
		};
/* End PBXSourcesBuildPhase section */

/* Begin PBXVariantGroup section */
		AD7F4BF3195DED16001B07E3 /* Main.storyboard */ = {
			isa = PBXVariantGroup;
			children = (
				AD7F4BF4195DED16001B07E3 /* Base */,
			);
			name = Main.storyboard;
			sourceTree = "<group>";
		};
		AD7F4BF5195DED16001B07E3 /* InfoPlist.strings */ = {
			isa = PBXVariantGroup;
			children = (
				AD7F4BF6195DED16001B07E3 /* en */,
			);
			name = InfoPlist.strings;
			sourceTree = "<group>";
		};
/* End PBXVariantGroup section */

/* Begin XCBuildConfiguration section */
		C378738B186B4CC7009F7FFB /* Debug */ = {
			isa = XCBuildConfiguration;
			buildSettings = {
				ALWAYS_SEARCH_USER_PATHS = NO;
				CLANG_CXX_LANGUAGE_STANDARD = "gnu++0x";
				CLANG_CXX_LIBRARY = "libc++";
				CLANG_ENABLE_MODULES = YES;
				CLANG_ENABLE_OBJC_ARC = YES;
				CLANG_WARN_BOOL_CONVERSION = YES;
				CLANG_WARN_CONSTANT_CONVERSION = YES;
				CLANG_WARN_DIRECT_OBJC_ISA_USAGE = YES_ERROR;
				CLANG_WARN_EMPTY_BODY = YES;
				CLANG_WARN_ENUM_CONVERSION = YES;
				CLANG_WARN_INT_CONVERSION = YES;
				CLANG_WARN_OBJC_ROOT_CLASS = YES_ERROR;
				CLANG_WARN__DUPLICATE_METHOD_MATCH = YES;
				"CODE_SIGN_IDENTITY[sdk=iphoneos*]" = "iPhone Developer";
				COPY_PHASE_STRIP = NO;
				GCC_C_LANGUAGE_STANDARD = gnu99;
				GCC_DYNAMIC_NO_PIC = NO;
				GCC_OPTIMIZATION_LEVEL = 0;
				GCC_PREPROCESSOR_DEFINITIONS = (
					"DEBUG=1",
					"$(inherited)",
				);
				GCC_SYMBOLS_PRIVATE_EXTERN = NO;
				GCC_WARN_64_TO_32_BIT_CONVERSION = YES;
				GCC_WARN_ABOUT_RETURN_TYPE = YES_ERROR;
				GCC_WARN_UNDECLARED_SELECTOR = YES;
				GCC_WARN_UNINITIALIZED_AUTOS = YES;
				GCC_WARN_UNUSED_FUNCTION = YES;
				GCC_WARN_UNUSED_VARIABLE = YES;
				IPHONEOS_DEPLOYMENT_TARGET = 7.0;
				ONLY_ACTIVE_ARCH = YES;
				SDKROOT = iphoneos;
			};
			name = Debug;
		};
		C378738C186B4CC7009F7FFB /* Release */ = {
			isa = XCBuildConfiguration;
			buildSettings = {
				ALWAYS_SEARCH_USER_PATHS = NO;
				CLANG_CXX_LANGUAGE_STANDARD = "gnu++0x";
				CLANG_CXX_LIBRARY = "libc++";
				CLANG_ENABLE_MODULES = YES;
				CLANG_ENABLE_OBJC_ARC = YES;
				CLANG_WARN_BOOL_CONVERSION = YES;
				CLANG_WARN_CONSTANT_CONVERSION = YES;
				CLANG_WARN_DIRECT_OBJC_ISA_USAGE = YES_ERROR;
				CLANG_WARN_EMPTY_BODY = YES;
				CLANG_WARN_ENUM_CONVERSION = YES;
				CLANG_WARN_INT_CONVERSION = YES;
				CLANG_WARN_OBJC_ROOT_CLASS = YES_ERROR;
				CLANG_WARN__DUPLICATE_METHOD_MATCH = YES;
				"CODE_SIGN_IDENTITY[sdk=iphoneos*]" = "iPhone Developer";
				COPY_PHASE_STRIP = YES;
				ENABLE_NS_ASSERTIONS = NO;
				GCC_C_LANGUAGE_STANDARD = gnu99;
				GCC_WARN_64_TO_32_BIT_CONVERSION = YES;
				GCC_WARN_ABOUT_RETURN_TYPE = YES_ERROR;
				GCC_WARN_UNDECLARED_SELECTOR = YES;
				GCC_WARN_UNINITIALIZED_AUTOS = YES;
				GCC_WARN_UNUSED_FUNCTION = YES;
				GCC_WARN_UNUSED_VARIABLE = YES;
				IPHONEOS_DEPLOYMENT_TARGET = 7.0;
				SDKROOT = iphoneos;
				VALIDATE_PRODUCT = YES;
			};
			name = Release;
		};
		C378738E186B4CC7009F7FFB /* Debug */ = {
			isa = XCBuildConfiguration;
			buildSettings = {
				ASSETCATALOG_COMPILER_APPICON_NAME = AppIcon;
				ASSETCATALOG_COMPILER_LAUNCHIMAGE_NAME = LaunchImage;
				FRAMEWORK_SEARCH_PATHS = (
					"$(inherited)",
					"$(PROJECT_DIR)",
					/Users/mitchellporter/Documents/FacebookSDK,
				);
				GCC_PRECOMPILE_PREFIX_HEADER = YES;
				GCC_PREFIX_HEADER = "Halfsies/Halfsies-Prefix.pch";
				INFOPLIST_FILE = "Halfsies/Halfsies-Info.plist";
				OTHER_LDFLAGS = "";
				PRODUCT_NAME = Halfsies;
				WRAPPER_EXTENSION = app;
			};
			name = Debug;
		};
		C378738F186B4CC7009F7FFB /* Release */ = {
			isa = XCBuildConfiguration;
			buildSettings = {
				ASSETCATALOG_COMPILER_APPICON_NAME = AppIcon;
				ASSETCATALOG_COMPILER_LAUNCHIMAGE_NAME = LaunchImage;
				FRAMEWORK_SEARCH_PATHS = (
					"$(inherited)",
					"$(PROJECT_DIR)",
					/Users/mitchellporter/Documents/FacebookSDK,
				);
				GCC_PRECOMPILE_PREFIX_HEADER = YES;
				GCC_PREFIX_HEADER = "Halfsies/Halfsies-Prefix.pch";
				INFOPLIST_FILE = "Halfsies/Halfsies-Info.plist";
				OTHER_LDFLAGS = "";
				PRODUCT_NAME = Halfsies;
				WRAPPER_EXTENSION = app;
			};
			name = Release;
		};
/* End XCBuildConfiguration section */

/* Begin XCConfigurationList section */
		C3787356186B4CC3009F7FFB /* Build configuration list for PBXProject "Halfsies" */ = {
			isa = XCConfigurationList;
			buildConfigurations = (
				C378738B186B4CC7009F7FFB /* Debug */,
				C378738C186B4CC7009F7FFB /* Release */,
			);
			defaultConfigurationIsVisible = 0;
			defaultConfigurationName = Release;
		};
		C378738D186B4CC7009F7FFB /* Build configuration list for PBXNativeTarget "Halfsies" */ = {
			isa = XCConfigurationList;
			buildConfigurations = (
				C378738E186B4CC7009F7FFB /* Debug */,
				C378738F186B4CC7009F7FFB /* Release */,
			);
			defaultConfigurationIsVisible = 0;
			defaultConfigurationName = Release;
		};
/* End XCConfigurationList section */
	};
	rootObject = C3787353186B4CC3009F7FFB /* Project object */;
}
